{
  "originHash": "ae14705749ddfaf5c87615e0f2271033bc75d91b970afaba3600a6da6847ab50",
  "pins": [
    {
      "identity": "watchlist-repo-2",
      "kind": "remoteSourceControl",
      "location": "https://github.com/index-public-test-org/watchlist-repo-2.git",
      "state": {
        "branch": "master",
        "revision": "e21103d20db8cb062247747a40054d635b468c79"
      }
    }
  ],
  "version": 3
}
